github.com/prometheus/client_golang v0.9.0 h1:tXuTFVHC03mW0D+Ua1Q2d1EAVqLTuggX50V0VLICCzY=
github.com/prometheus/client_golang v0.9.0/go.mod h1:7SWBe2y4D6OKWSNQJUaRYU/AaXPKyh/dDVn+NZz0KFw=
resenje.org/logging v0.1.1 h1:/t2SDud3JdjWaqh2/aCnzdMuTF737d9xxR0KkuIDgmw=
resenje.org/logging v0.1.1/go.mod h1:62mkDabZpo77D9rH/Z0x33GlBpGtB9ZtdURtnRB2pb0=
